
Microsoft Visual Studio Solution File, Format Version 12.00
# Visual Studio 15
VisualStudioVersion = 15.0.26730.3
MinimumVisualStudioVersion = 10.0.40219.1
Project("{2150E333-8FDC-42A3-9474-1A3956D46DE8}") = "code", "code", "{F9653F5F-7A24-4BB5-9D4A-14FE7B42EEBC}"
	ProjectSection(SolutionItems) = preProject
		code\calculate_accuracy_on_next_event.py = code\calculate_accuracy_on_next_event.py
		code\calculate_accuracy_on_next_event_c2k.py = code\calculate_accuracy_on_next_event_c2k.py
		code\evaluate_next_activity_and_time.py = code\evaluate_next_activity_and_time.py
		code\evaluate_next_activity_and_time_c2k.py = code\evaluate_next_activity_and_time_c2k.py
		code\evaluate_suffix_and_remaining_time.py = code\evaluate_suffix_and_remaining_time.py
		code\evaluate_suffix_and_remaining_time_c2k.py = code\evaluate_suffix_and_remaining_time_c2k.py
		code\train.py = code\train.py
		code\train_c2k.py = code\train_c2k.py
	EndProjectSection
EndProject
Project("{FAE04EC0-301F-11D3-BF4B-00C04F79EFBC}") = "Analyser", "Analyser\Analyser.csproj", "{5D0ED597-5BE5-4D80-A8BD-60CA148A4F40}"
EndProject
Global
	GlobalSection(SolutionConfigurationPlatforms) = preSolution
		Debug|Any CPU = Debug|Any CPU
		Release|Any CPU = Release|Any CPU
	EndGlobalSection
	GlobalSection(ProjectConfigurationPlatforms) = postSolution
		{5D0ED597-5BE5-4D80-A8BD-60CA148A4F40}.Debug|Any CPU.ActiveCfg = Debug|Any CPU
		{5D0ED597-5BE5-4D80-A8BD-60CA148A4F40}.Debug|Any CPU.Build.0 = Debug|Any CPU
		{5D0ED597-5BE5-4D80-A8BD-60CA148A4F40}.Release|Any CPU.ActiveCfg = Release|Any CPU
		{5D0ED597-5BE5-4D80-A8BD-60CA148A4F40}.Release|Any CPU.Build.0 = Release|Any CPU
	EndGlobalSection
	GlobalSection(SolutionProperties) = preSolution
		HideSolutionNode = FALSE
	EndGlobalSection
	GlobalSection(ExtensibilityGlobals) = postSolution
		SolutionGuid = {8B1F04AE-7835-4458-A3D5-713E4B214E98}
	EndGlobalSection
EndGlobal
